
Microsoft Visual Studio Solution File, Format Version 12.00
# Visual Studio 15
VisualStudioVersion = 15.0.27004.2005
MinimumVisualStudioVersion = 10.0.40219.1
Project("{9A19103F-16F7-4668-BE54-9A1E7A4F7556}") = "Nethereum.Contracts.IntegrationTester", "Nethereum.Contracts.IntegrationTester\Nethereum.Contracts.IntegrationTester.csproj", "{1C13FAA8-8921-40A3-BA10-C5474DC89397}"
EndProject
Project("{2150E333-8FDC-42A3-9474-1A3956D46DE8}") = "Sample", "Sample", "{6837089B-10D9-4817-BC0A-FEB89B7CF4D9}"
EndProject
Project("{9A19103F-16F7-4668-BE54-9A1E7A4F7556}") = "StandardToken", "Sample\StandardToken\StandardToken.csproj", "{32ECC202-55A3-4773-B778-68476D9A75B9}"
EndProject
Project("{9A19103F-16F7-4668-BE54-9A1E7A4F7556}") = "StandardToken.IntegrationTests", "Sample\StandardToken.IntegrationTests\StandardToken.IntegrationTests.csproj", "{5648F7A8-841E-4433-8675-10DCC95D8196}"
EndProject
Global
	GlobalSection(SolutionConfigurationPlatforms) = preSolution
		Debug|Any CPU = Debug|Any CPU
		Release|Any CPU = Release|Any CPU
	EndGlobalSection
	GlobalSection(ProjectConfigurationPlatforms) = postSolution
		{1C13FAA8-8921-40A3-BA10-C5474DC89397}.Debug|Any CPU.ActiveCfg = Debug|Any CPU
		{1C13FAA8-8921-40A3-BA10-C5474DC89397}.Debug|Any CPU.Build.0 = Debug|Any CPU
		{1C13FAA8-8921-40A3-BA10-C5474DC89397}.Release|Any CPU.ActiveCfg = Release|Any CPU
		{1C13FAA8-8921-40A3-BA10-C5474DC89397}.Release|Any CPU.Build.0 = Release|Any CPU
		{32ECC202-55A3-4773-B778-68476D9A75B9}.Debug|Any CPU.ActiveCfg = Debug|Any CPU
		{32ECC202-55A3-4773-B778-68476D9A75B9}.Debug|Any CPU.Build.0 = Debug|Any CPU
		{32ECC202-55A3-4773-B778-68476D9A75B9}.Release|Any CPU.ActiveCfg = Release|Any CPU
		{32ECC202-55A3-4773-B778-68476D9A75B9}.Release|Any CPU.Build.0 = Release|Any CPU
		{5648F7A8-841E-4433-8675-10DCC95D8196}.Debug|Any CPU.ActiveCfg = Debug|Any CPU
		{5648F7A8-841E-4433-8675-10DCC95D8196}.Debug|Any CPU.Build.0 = Debug|Any CPU
		{5648F7A8-841E-4433-8675-10DCC95D8196}.Release|Any CPU.ActiveCfg = Release|Any CPU
		{5648F7A8-841E-4433-8675-10DCC95D8196}.Release|Any CPU.Build.0 = Release|Any CPU
	EndGlobalSection
	GlobalSection(SolutionProperties) = preSolution
		HideSolutionNode = FALSE
	EndGlobalSection
	GlobalSection(NestedProjects) = preSolution
		{32ECC202-55A3-4773-B778-68476D9A75B9} = {6837089B-10D9-4817-BC0A-FEB89B7CF4D9}
		{5648F7A8-841E-4433-8675-10DCC95D8196} = {6837089B-10D9-4817-BC0A-FEB89B7CF4D9}
	EndGlobalSection
	GlobalSection(ExtensibilityGlobals) = postSolution
		SolutionGuid = {77986204-108C-4377-A4DB-19016686DD85}
	EndGlobalSection
EndGlobal
